{
  "originHash" : "13c35efc75620a787e1720a04ae6a7f955fd8444ffcba23ac99fa8972b4324b7",
  "pins" : [
    {
      "identity" : "milieu",
      "kind" : "remoteSourceControl",
      "location" : "https://github.com/leviouwendijk/Milieu.git",
      "state" : {
        "branch" : "master",
        "revision" : "242e890af20eb5f77087cf116ae9374f1f809b2a"
      }
    },
    {
      "identity" : "variables",
      "kind" : "remoteSourceControl",
      "location" : "https://github.com/leviouwendijk/Variables.git",
      "state" : {
        "branch" : "master",
        "revision" : "c533569cd399d8d4762f5f4f8241e2234735c6d0"
      }
    },
    {
      "identity" : "writers",
      "kind" : "remoteSourceControl",
      "location" : "https://github.com/leviouwendijk/Writers.git",
      "state" : {
        "branch" : "master",
        "revision" : "6084ab52b34ab2433000ad865cfa13bd6fe3b804"
      }
    }
  ],
  "version" : 3
}
